{
  "name": "xstate",
  "version": "1.0.0",
  "lockfileVersion": 3,
  "requires": true,
  "packages": {
    "": {
      "name": "xstate",
      "version": "1.0.0",
      "license": "ISC",
      "dependencies": {
        "xstate": "^4.37.0"
      }
    },
    "node_modules/xstate": {
      "version": "4.37.0",
      "resolved": "https://registry.npmjs.org/xstate/-/xstate-4.37.0.tgz",
      "integrity": "sha512-YC+JCerRclKS9ixQTuw8l3vs3iFqWzNzOGR0ID5XsSlieMXIV9nNPE43h9CGr7VdxA1QYhMwhCZA0EdpOd17Bg==",
      "funding": {
        "type": "opencollective",
        "url": "https://opencollective.com/xstate"
      }
    }
  }
}
